// !$*UTF8*$!
{
	archiveVersion = 1;
	classes = {
	};
	objectVersion = 46;
	objects = {

/* Begin PBXBuildFile section */
		95AEE2811B89B3A00076B098 /* AppDelegate.swift in Sources */ = {isa = PBXBuildFile; fileRef = 95AEE2801B89B3A00076B098 /* AppDelegate.swift */; };
		95AEE2831B89B3A00076B098 /* ViewController.swift in Sources */ = {isa = PBXBuildFile; fileRef = 95AEE2821B89B3A00076B098 /* ViewController.swift */; };
		95AEE2861B89B3A00076B098 /* Main.storyboard in Resources */ = {isa = PBXBuildFile; fileRef = 95AEE2841B89B3A00076B098 /* Main.storyboard */; };
		95AEE2881B89B3A00076B098 /* Images.xcassets in Resources */ = {isa = PBXBuildFile; fileRef = 95AEE2871B89B3A00076B098 /* Images.xcassets */; };
		95AEE28B1B89B3A00076B098 /* LaunchScreen.xib in Resources */ = {isa = PBXBuildFile; fileRef = 95AEE2891B89B3A00076B098 /* LaunchScreen.xib */; };
		95AEE2971B89B3A00076B098 /* CalculatorTests.swift in Sources */ = {isa = PBXBuildFile; fileRef = 95AEE2961B89B3A00076B098 /* CalculatorTests.swift */; };
/* End PBXBuildFile section */

/* Begin PBXContainerItemProxy section */
		95AEE2911B89B3A00076B098 /* PBXContainerItemProxy */ = {
			isa = PBXContainerItemProxy;
			containerPortal = 95AEE2731B89B3A00076B098 /* Project object */;
			proxyType = 1;
			remoteGlobalIDString = 95AEE27A1B89B3A00076B098;
			remoteInfo = Calculator;
		};
/* End PBXContainerItemProxy section */

/* Begin PBXFileReference section */
		95AEE27B1B89B3A00076B098 /* Calculator.app */ = {isa = PBXFileReference; explicitFileType = wrapper.application; includeInIndex = 0; path = Calculator.app; sourceTree = BUILT_PRODUCTS_DIR; };
		95AEE27F1B89B3A00076B098 /* Info.plist */ = {isa = PBXFileReference; lastKnownFileType = text.plist.xml; path = Info.plist; sourceTree = "<group>"; };
		95AEE2801B89B3A00076B098 /* AppDelegate.swift */ = {isa = PBXFileReference; lastKnownFileType = sourcecode.swift; path = AppDelegate.swift; sourceTree = "<group>"; };
		95AEE2821B89B3A00076B098 /* ViewController.swift */ = {isa = PBXFileReference; lastKnownFileType = sourcecode.swift; path = ViewController.swift; sourceTree = "<group>"; };
		95AEE2851B89B3A00076B098 /* Base */ = {isa = PBXFileReference; lastKnownFileType = file.storyboard; name = Base; path = Base.lproj/Main.storyboard; sourceTree = "<group>"; };
		95AEE2871B89B3A00076B098 /* Images.xcassets */ = {isa = PBXFileReference; lastKnownFileType = folder.assetcatalog; path = Images.xcassets; sourceTree = "<group>"; };
		95AEE28A1B89B3A00076B098 /* Base */ = {isa = PBXFileReference; lastKnownFileType = file.xib; name = Base; path = Base.lproj/LaunchScreen.xib; sourceTree = "<group>"; };
		95AEE2901B89B3A00076B098 /* CalculatorTests.xctest */ = {isa = PBXFileReference; explicitFileType = wrapper.cfbundle; includeInIndex = 0; path = CalculatorTests.xctest; sourceTree = BUILT_PRODUCTS_DIR; };
		95AEE2951B89B3A00076B098 /* Info.plist */ = {isa = PBXFileReference; lastKnownFileType = text.plist.xml; path = Info.plist; sourceTree = "<group>"; };
		95AEE2961B89B3A00076B098 /* CalculatorTests.swift */ = {isa = PBXFileReference; lastKnownFileType = sourcecode.swift; path = CalculatorTests.swift; sourceTree = "<group>"; };
/* End PBXFileReference section */

/* Begin PBXFrameworksBuildPhase section */
		95AEE2781B89B3A00076B098 /* Frameworks */ = {
			isa = PBXFrameworksBuildPhase;
			buildActionMask = 2147483647;
			files = (
			);
			runOnlyForDeploymentPostprocessing = 0;
		};
		95AEE28D1B89B3A00076B098 /* Frameworks */ = {
			isa = PBXFrameworksBuildPhase;
			buildActionMask = 2147483647;
			files = (
			);
			runOnlyForDeploymentPostprocessing = 0;
		};
/* End PBXFrameworksBuildPhase section */

/* Begin PBXGroup section */
		95AEE2721B89B3A00076B098 = {
			isa = PBXGroup;
			children = (
				95AEE27D1B89B3A00076B098 /* Calculator */,
				95AEE2931B89B3A00076B098 /* CalculatorTests */,
				95AEE27C1B89B3A00076B098 /* Products */,
			);
			sourceTree = "<group>";
		};
		95AEE27C1B89B3A00076B098 /* Products */ = {
			isa = PBXGroup;
			children = (
				95AEE27B1B89B3A00076B098 /* Calculator.app */,
				95AEE2901B89B3A00076B098 /* CalculatorTests.xctest */,
			);
			name = Products;
			sourceTree = "<group>";
		};
		95AEE27D1B89B3A00076B098 /* Calculator */ = {
			isa = PBXGroup;
			children = (
				95AEE2821B89B3A00076B098 /* ViewController.swift */,
				95AEE2841B89B3A00076B098 /* Main.storyboard */,
				95AEE27E1B89B3A00076B098 /* Supporting Files */,
			);
			path = Calculator;
			sourceTree = "<group>";
		};
		95AEE27E1B89B3A00076B098 /* Supporting Files */ = {
			isa = PBXGroup;
			children = (
				95AEE2801B89B3A00076B098 /* AppDelegate.swift */,
				95AEE2891B89B3A00076B098 /* LaunchScreen.xib */,
				95AEE2871B89B3A00076B098 /* Images.xcassets */,
				95AEE27F1B89B3A00076B098 /* Info.plist */,
			);
			name = "Supporting Files";
			sourceTree = "<group>";
		};
		95AEE2931B89B3A00076B098 /* CalculatorTests */ = {
			isa = PBXGroup;
			children = (
				95AEE2961B89B3A00076B098 /* CalculatorTests.swift */,
				95AEE2941B89B3A00076B098 /* Supporting Files */,
			);
			path = CalculatorTests;
			sourceTree = "<group>";
		};
		95AEE2941B89B3A00076B098 /* Supporting Files */ = {
			isa = PBXGroup;
			children = (
				95AEE2951B89B3A00076B098 /* Info.plist */,
			);
			name = "Supporting Files";
			sourceTree = "<group>";
		};
/* End PBXGroup section */

/* Begin PBXNativeTarget section */
		95AEE27A1B89B3A00076B098 /* Calculator */ = {
			isa = PBXNativeTarget;
			buildConfigurationList = 95AEE29A1B89B3A00076B098 /* Build configuration list for PBXNativeTarget "Calculator" */;
			buildPhases = (
				95AEE2771B89B3A00076B098 /* Sources */,
				95AEE2781B89B3A00076B098 /* Frameworks */,
				95AEE2791B89B3A00076B098 /* Resources */,
			);
			buildRules = (
			);
			dependencies = (
			);
			name = Calculator;
			productName = Calculator;
			productReference = 95AEE27B1B89B3A00076B098 /* Calculator.app */;
			productType = "com.apple.product-type.application";
		};
		95AEE28F1B89B3A00076B098 /* CalculatorTests */ = {
			isa = PBXNativeTarget;
			buildConfigurationList = 95AEE29D1B89B3A00076B098 /* Build configuration list for PBXNativeTarget "CalculatorTests" */;
			buildPhases = (
				95AEE28C1B89B3A00076B098 /* Sources */,
				95AEE28D1B89B3A00076B098 /* Frameworks */,
				95AEE28E1B89B3A00076B098 /* Resources */,
			);
			buildRules = (
			);
			dependencies = (
				95AEE2921B89B3A00076B098 /* PBXTargetDependency */,
			);
			name = CalculatorTests;
			productName = CalculatorTests;
			productReference = 95AEE2901B89B3A00076B098 /* CalculatorTests.xctest */;
			productType = "com.apple.product-type.bundle.unit-test";
		};
/* End PBXNativeTarget section */

/* Begin PBXProject section */
		95AEE2731B89B3A00076B098 /* Project object */ = {
			isa = PBXProject;
			attributes = {
				LastSwiftMigration = 0700;
				LastSwiftUpdateCheck = 0700;
				LastUpgradeCheck = 0640;
				ORGANIZATIONNAME = "albert jordan";
				TargetAttributes = {
					95AEE27A1B89B3A00076B098 = {
						CreatedOnToolsVersion = 6.4;
					};
					95AEE28F1B89B3A00076B098 = {
						CreatedOnToolsVersion = 6.4;
						TestTargetID = 95AEE27A1B89B3A00076B098;
					};
				};
			};
			buildConfigurationList = 95AEE2761B89B3A00076B098 /* Build configuration list for PBXProject "Calculator" */;
			compatibilityVersion = "Xcode 3.2";
			developmentRegion = English;
			hasScannedForEncodings = 0;
			knownRegions = (
				en,
				Base,
			);
			mainGroup = 95AEE2721B89B3A00076B098;
			productRefGroup = 95AEE27C1B89B3A00076B098 /* Products */;
			projectDirPath = "";
			projectRoot = "";
			targets = (
				95AEE27A1B89B3A00076B098 /* Calculator */,
				95AEE28F1B89B3A00076B098 /* CalculatorTests */,
			);
		};
/* End PBXProject section */

/* Begin PBXResourcesBuildPhase section */
		95AEE2791B89B3A00076B098 /* Resources */ = {
			isa = PBXResourcesBuildPhase;
			buildActionMask = 2147483647;
			files = (
				95AEE2861B89B3A00076B098 /* Main.storyboard in Resources */,
				95AEE28B1B89B3A00076B098 /* LaunchScreen.xib in Resources */,
				95AEE2881B89B3A00076B098 /* Images.xcassets in Resources */,
			);
			runOnlyForDeploymentPostprocessing = 0;
		};
		95AEE28E1B89B3A00076B098 /* Resources */ = {
			isa = PBXResourcesBuildPhase;
			buildActionMask = 2147483647;
			files = (
			);
			runOnlyForDeploymentPostprocessing = 0;
		};
/* End PBXResourcesBuildPhase section */

/* Begin PBXSourcesBuildPhase section */
		95AEE2771B89B3A00076B098 /* Sources */ = {
			isa = PBXSourcesBuildPhase;
			buildActionMask = 2147483647;
			files = (
				95AEE2831B89B3A00076B098 /* ViewController.swift in Sources */,
				95AEE2811B89B3A00076B098 /* AppDelegate.swift in Sources */,
			);
			runOnlyForDeploymentPostprocessing = 0;
		};
		95AEE28C1B89B3A00076B098 /* Sources */ = {
			isa = PBXSourcesBuildPhase;
			buildActionMask = 2147483647;
			files = (
				95AEE2971B89B3A00076B098 /* CalculatorTests.swift in Sources */,
			);
			runOnlyForDeploymentPostprocessing = 0;
		};
/* End PBXSourcesBuildPhase section */

/* Begin PBXTargetDependency section */
		95AEE2921B89B3A00076B098 /* PBXTargetDependency */ = {
			isa = PBXTargetDependency;
			target = 95AEE27A1B89B3A00076B098 /* Calculator */;
			targetProxy = 95AEE2911B89B3A00076B098 /* PBXContainerItemProxy */;
		};
/* End PBXTargetDependency section */

/* Begin PBXVariantGroup section */
		95AEE2841B89B3A00076B098 /* Main.storyboard */ = {
			isa = PBXVariantGroup;
			children = (
				95AEE2851B89B3A00076B098 /* Base */,
			);
			name = Main.storyboard;
			sourceTree = "<group>";
		};
		95AEE2891B89B3A00076B098 /* LaunchScreen.xib */ = {
			isa = PBXVariantGroup;
			children = (
				95AEE28A1B89B3A00076B098 /* Base */,
			);
			name = LaunchScreen.xib;
			sourceTree = "<group>";
		};
/* End PBXVariantGroup section */

/* Begin XCBuildConfiguration section */
		95AEE2981B89B3A00076B098 /* Debug */ = {
			isa = XCBuildConfiguration;
			buildSettings = {
				ALWAYS_SEARCH_USER_PATHS = NO;
				CLANG_CXX_LANGUAGE_STANDARD = "gnu++0x";
				CLANG_CXX_LIBRARY = "libc++";
				CLANG_ENABLE_MODULES = YES;
				CLANG_ENABLE_OBJC_ARC = YES;
				CLANG_WARN_BOOL_CONVERSION = YES;
				CLANG_WARN_CONSTANT_CONVERSION = YES;
				CLANG_WARN_DIRECT_OBJC_ISA_USAGE = YES_ERROR;
				CLANG_WARN_EMPTY_BODY = YES;
				CLANG_WARN_ENUM_CONVERSION = YES;
				CLANG_WARN_INT_CONVERSION = YES;
				CLANG_WARN_OBJC_ROOT_CLASS = YES_ERROR;
				CLANG_WARN_UNREACHABLE_CODE = YES;
				CLANG_WARN__DUPLICATE_METHOD_MATCH = YES;
				"CODE_SIGN_IDENTITY[sdk=iphoneos*]" = "iPhone Developer";
				COPY_PHASE_STRIP = NO;
				DEBUG_INFORMATION_FORMAT = "dwarf-with-dsym";
				ENABLE_STRICT_OBJC_MSGSEND = YES;
				GCC_C_LANGUAGE_STANDARD = gnu99;
				GCC_DYNAMIC_NO_PIC = NO;
				GCC_NO_COMMON_BLOCKS = YES;
				GCC_OPTIMIZATION_LEVEL = 0;
				GCC_PREPROCESSOR_DEFINITIONS = (
					"DEBUG=1",
					"$(inherited)",
				);
				GCC_SYMBOLS_PRIVATE_EXTERN = NO;
				GCC_WARN_64_TO_32_BIT_CONVERSION = YES;
				GCC_WARN_ABOUT_RETURN_TYPE = YES_ERROR;
				GCC_WARN_UNDECLARED_SELECTOR = YES;
				GCC_WARN_UNINITIALIZED_AUTOS = YES_AGGRESSIVE;
				GCC_WARN_UNUSED_FUNCTION = YES;
				GCC_WARN_UNUSED_VARIABLE = YES;
				IPHONEOS_DEPLOYMENT_TARGET = 8.4;
				MTL_ENABLE_DEBUG_INFO = YES;
				ONLY_ACTIVE_ARCH = YES;
				SDKROOT = iphoneos;
				SWIFT_OPTIMIZATION_LEVEL = "-Onone";
				TARGETED_DEVICE_FAMILY = "1,2";
			};
			name = Debug;
		};
		95AEE2991B89B3A00076B098 /* Release */ = {
			isa = XCBuildConfiguration;
			buildSettings = {
				ALWAYS_SEARCH_USER_PATHS = NO;
				CLANG_CXX_LANGUAGE_STANDARD = "gnu++0x";
				CLANG_CXX_LIBRARY = "libc++";
				CLANG_ENABLE_MODULES = YES;
				CLANG_ENABLE_OBJC_ARC = YES;
				CLANG_WARN_BOOL_CONVERSION = YES;
				CLANG_WARN_CONSTANT_CONVERSION = YES;
				CLANG_WARN_DIRECT_OBJC_ISA_USAGE = YES_ERROR;
				CLANG_WARN_EMPTY_BODY = YES;
				CLANG_WARN_ENUM_CONVERSION = YES;
				CLANG_WARN_INT_CONVERSION = YES;
				CLANG_WARN_OBJC_ROOT_CLASS = YES_ERROR;
				CLANG_WARN_UNREACHABLE_CODE = YES;
				CLANG_WARN__DUPLICATE_METHOD_MATCH = YES;
				"CODE_SIGN_IDENTITY[sdk=iphoneos*]" = "iPhone Developer";
				COPY_PHASE_STRIP = NO;
				DEBUG_INFORMATION_FORMAT = "dwarf-with-dsym";
				ENABLE_NS_ASSERTIONS = NO;
				ENABLE_STRICT_OBJC_MSGSEND = YES;
				GCC_C_LANGUAGE_STANDARD = gnu99;
				GCC_NO_COMMON_BLOCKS = YES;
				GCC_WARN_64_TO_32_BIT_CONVERSION = YES;
				GCC_WARN_ABOUT_RETURN_TYPE = YES_ERROR;
				GCC_WARN_UNDECLARED_SELECTOR = YES;
				GCC_WARN_UNINITIALIZED_AUTOS = YES_AGGRESSIVE;
				GCC_WARN_UNUSED_FUNCTION = YES;
				GCC_WARN_UNUSED_VARIABLE = YES;
				IPHONEOS_DEPLOYMENT_TARGET = 8.4;
				MTL_ENABLE_DEBUG_INFO = NO;
				SDKROOT = iphoneos;
				TARGETED_DEVICE_FAMILY = "1,2";
				VALIDATE_PRODUCT = YES;
			};
			name = Release;
		};
		95AEE29B1B89B3A00076B098 /* Debug */ = {
			isa = XCBuildConfiguration;
			buildSettings = {
				ASSETCATALOG_COMPILER_APPICON_NAME = AppIcon;
				INFOPLIST_FILE = Calculator/Info.plist;
				LD_RUNPATH_SEARCH_PATHS = "$(inherited) @executable_path/Frameworks";
				PRODUCT_NAME = "$(TARGET_NAME)";
			};
			name = Debug;
		};
		95AEE29C1B89B3A00076B098 /* Release */ = {
			isa = XCBuildConfiguration;
			buildSettings = {
				ASSETCATALOG_COMPILER_APPICON_NAME = AppIcon;
				INFOPLIST_FILE = Calculator/Info.plist;
				LD_RUNPATH_SEARCH_PATHS = "$(inherited) @executable_path/Frameworks";
				PRODUCT_NAME = "$(TARGET_NAME)";
			};
			name = Release;
		};
		95AEE29E1B89B3A00076B098 /* Debug */ = {
			isa = XCBuildConfiguration;
			buildSettings = {
				BUNDLE_LOADER = "$(TEST_HOST)";
				FRAMEWORK_SEARCH_PATHS = (
					"$(SDKROOT)/Developer/Library/Frameworks",
					"$(inherited)",
				);
				GCC_PREPROCESSOR_DEFINITIONS = (
					"DEBUG=1",
					"$(inherited)",
				);
				INFOPLIST_FILE = CalculatorTests/Info.plist;
				LD_RUNPATH_SEARCH_PATHS = "$(inherited) @executable_path/Frameworks @loader_path/Frameworks";
				PRODUCT_NAME = "$(TARGET_NAME)";
				TEST_HOST = "$(BUILT_PRODUCTS_DIR)/Calculator.app/Calculator";
			};
			name = Debug;
		};
		95AEE29F1B89B3A00076B098 /* Release */ = {
			isa = XCBuildConfiguration;
			buildSettings = {
				BUNDLE_LOADER = "$(TEST_HOST)";
				FRAMEWORK_SEARCH_PATHS = (
					"$(SDKROOT)/Developer/Library/Frameworks",
					"$(inherited)",
				);
				INFOPLIST_FILE = CalculatorTests/Info.plist;
				LD_RUNPATH_SEARCH_PATHS = "$(inherited) @executable_path/Frameworks @loader_path/Frameworks";
				PRODUCT_NAME = "$(TARGET_NAME)";
				TEST_HOST = "$(BUILT_PRODUCTS_DIR)/Calculator.app/Calculator";
			};
			name = Release;
		};
/* End XCBuildConfiguration section */

/* Begin XCConfigurationList section */
		95AEE2761B89B3A00076B098 /* Build configuration list for PBXProject "Calculator" */ = {
			isa = XCConfigurationList;
			buildConfigurations = (
				95AEE2981B89B3A00076B098 /* Debug */,
				95AEE2991B89B3A00076B098 /* Release */,
			);
			defaultConfigurationIsVisible = 0;
			defaultConfigurationName = Release;
		};
		95AEE29A1B89B3A00076B098 /* Build configuration list for PBXNativeTarget "Calculator" */ = {
			isa = XCConfigurationList;
			buildConfigurations = (
				95AEE29B1B89B3A00076B098 /* Debug */,
				95AEE29C1B89B3A00076B098 /* Release */,
			);
			defaultConfigurationIsVisible = 0;
			defaultConfigurationName = Release;
		};
		95AEE29D1B89B3A00076B098 /* Build configuration list for PBXNativeTarget "CalculatorTests" */ = {
			isa = XCConfigurationList;
			buildConfigurations = (
				95AEE29E1B89B3A00076B098 /* Debug */,
				95AEE29F1B89B3A00076B098 /* Release */,
			);
			defaultConfigurationIsVisible = 0;
			defaultConfigurationName = Release;
		};
/* End XCConfigurationList section */
	};
	rootObject = 95AEE2731B89B3A00076B098 /* Project object */;
}
